
Microsoft Visual Studio Solution File, Format Version 12.00
# Visual Studio Version 17
VisualStudioVersion = 17.1.32414.318
MinimumVisualStudioVersion = 10.0.40219.1
Project("{FAE04EC0-301F-11D3-BF4B-00C04F79EFBC}") = "ADO_AddressBook", "ADO_AddressBook\ADO_AddressBook.csproj", "{CEE084B5-464B-4822-B437-ADBF86EB6248}"
EndProject
Project("{FAE04EC0-301F-11D3-BF4B-00C04F79EFBC}") = "UC2_insertintotableusingSP", "UC2_insertintotableusingSP\UC2_insertintotableusingSP.csproj", "{8C145A0A-FD27-4867-9D12-3FD30239E8AA}"
EndProject
Project("{FAE04EC0-301F-11D3-BF4B-00C04F79EFBC}") = "ADOAddressBookValidation", "ADOAddressBookValidation\ADOAddressBookValidation.csproj", "{26BCF003-29E4-4C2C-AE29-69C7FCF8D4A4}"
EndProject
Project("{FAE04EC0-301F-11D3-BF4B-00C04F79EFBC}") = "uc3_editExistingcontact", "uc3_editExistingcontact\uc3_editExistingcontact.csproj", "{78640F61-82C3-4181-AFF6-F3585CCB2296}"
EndProject
Project("{FAE04EC0-301F-11D3-BF4B-00C04F79EFBC}") = "UC4_deletecontactbasedonName", "UC4_deletecontactbasedonName\UC4_deletecontactbasedonName.csproj", "{5EE5A0FB-6E9E-4B05-95E0-DAE3324A9164}"
EndProject
Project("{FAE04EC0-301F-11D3-BF4B-00C04F79EFBC}") = "uc4_TestProject1", "uc4_TestProject1\uc4_TestProject1.csproj", "{A36BDAA9-C810-47F6-BE22-70F0E5E800DA}"
EndProject
Project("{FAE04EC0-301F-11D3-BF4B-00C04F79EFBC}") = "UC5_RetrieveBasedoncityorState", "UC5_RetrieveBasedoncityorState\UC5_RetrieveBasedoncityorState.csproj", "{5F9E37B7-9128-4266-B136-8B2940F3289A}"
EndProject
Project("{FAE04EC0-301F-11D3-BF4B-00C04F79EFBC}") = "uc5_TestProject1", "uc5_TestProject1\uc5_TestProject1.csproj", "{B62BDAD6-A7C9-48B5-B31A-08B5F898E8D3}"
EndProject
Project("{FAE04EC0-301F-11D3-BF4B-00C04F79EFBC}") = "uc6_retrievecountbasedoncityorstate", "uc6_retrievecountbasedoncityorstate\uc6_retrievecountbasedoncityorstate.csproj", "{E792FF0C-D02D-4BC3-84EB-D56EFAD4893A}"
EndProject
Project("{FAE04EC0-301F-11D3-BF4B-00C04F79EFBC}") = "uc6_TestProject1", "uc6_TestProject1\uc6_TestProject1.csproj", "{443C5F70-08A7-4733-8098-B9BC0CB9F514}"
EndProject
Project("{FAE04EC0-301F-11D3-BF4B-00C04F79EFBC}") = "uc7_retrievecountbasedoncity", "uc7_retrievecountbasedoncity\uc7_retrievecountbasedoncity.csproj", "{AAC5BE5F-F8EC-4F71-A99D-5DE0F9005D22}"
EndProject
Project("{FAE04EC0-301F-11D3-BF4B-00C04F79EFBC}") = "uc7_TestProject1", "uc7_TestProject1\uc7_TestProject1.csproj", "{0917B981-071C-4294-82D5-988A85CBEF82}"
EndProject
Project("{FAE04EC0-301F-11D3-BF4B-00C04F79EFBC}") = "uc8_countbasedontype", "uc8_countbasedontype\uc8_countbasedontype.csproj", "{699C14AC-066F-4035-B164-1F4227B90509}"
EndProject
Project("{FAE04EC0-301F-11D3-BF4B-00C04F79EFBC}") = "uc8_TestProject1", "uc8_TestProject1\uc8_TestProject1.csproj", "{D6F91643-1545-4312-83CA-E99CF9D49610}"
EndProject
Project("{FAE04EC0-301F-11D3-BF4B-00C04F79EFBC}") = "uc9-10solvedusingERimplementation", "uc9-10solvedusingERimplementation\uc9-10solvedusingERimplementation.csproj", "{C8A2E8CF-8D87-4E3A-9E95-CDDF46921884}"
EndProject
Project("{FAE04EC0-301F-11D3-BF4B-00C04F79EFBC}") = "uc11_insertintotableusingtransiction", "uc11_insertintotableusingtransiction\uc11_insertintotableusingtransiction.csproj", "{2EA3731B-0EEF-446A-A5CF-B652ADADAF2B}"
EndProject
Project("{FAE04EC0-301F-11D3-BF4B-00C04F79EFBC}") = "uc11_TestProject1", "uc11_TestProject1\uc11_TestProject1.csproj", "{232FF67D-77E2-47DD-88D0-44824AE34FDE}"
EndProject
Project("{FAE04EC0-301F-11D3-BF4B-00C04F79EFBC}") = "uc12_retrievebaesdonDate", "uc12_retrievebaesdonDate\uc12_retrievebaesdonDate.csproj", "{08E3533A-179D-4BB7-AFDC-5744429140DA}"
EndProject
Project("{FAE04EC0-301F-11D3-BF4B-00C04F79EFBC}") = "uc12_TestProject1", "uc12_TestProject1\uc12_TestProject1.csproj", "{EEBADAFD-3EA0-4C35-8A97-7D161DD88614}"
EndProject
Project("{FAE04EC0-301F-11D3-BF4B-00C04F79EFBC}") = "uc13_insertmultipledataintolist", "uc13_insertmultipledataintolist\uc13_insertmultipledataintolist.csproj", "{3CB3161E-4738-4945-AAFE-9E2822A50E98}"
EndProject
Project("{FAE04EC0-301F-11D3-BF4B-00C04F79EFBC}") = "uc13_TestProject1", "uc13_TestProject1\uc13_TestProject1.csproj", "{3E7FF6FA-2C07-4519-9292-E1DA6F113924}"
EndProject
Global
	GlobalSection(SolutionConfigurationPlatforms) = preSolution
		Debug|Any CPU = Debug|Any CPU
		Release|Any CPU = Release|Any CPU
	EndGlobalSection
	GlobalSection(ProjectConfigurationPlatforms) = postSolution
		{CEE084B5-464B-4822-B437-ADBF86EB6248}.Debug|Any CPU.ActiveCfg = Debug|Any CPU
		{CEE084B5-464B-4822-B437-ADBF86EB6248}.Debug|Any CPU.Build.0 = Debug|Any CPU
		{CEE084B5-464B-4822-B437-ADBF86EB6248}.Release|Any CPU.ActiveCfg = Release|Any CPU
		{CEE084B5-464B-4822-B437-ADBF86EB6248}.Release|Any CPU.Build.0 = Release|Any CPU
		{8C145A0A-FD27-4867-9D12-3FD30239E8AA}.Debug|Any CPU.ActiveCfg = Debug|Any CPU
		{8C145A0A-FD27-4867-9D12-3FD30239E8AA}.Debug|Any CPU.Build.0 = Debug|Any CPU
		{8C145A0A-FD27-4867-9D12-3FD30239E8AA}.Release|Any CPU.ActiveCfg = Release|Any CPU
		{8C145A0A-FD27-4867-9D12-3FD30239E8AA}.Release|Any CPU.Build.0 = Release|Any CPU
		{26BCF003-29E4-4C2C-AE29-69C7FCF8D4A4}.Debug|Any CPU.ActiveCfg = Debug|Any CPU
		{26BCF003-29E4-4C2C-AE29-69C7FCF8D4A4}.Debug|Any CPU.Build.0 = Debug|Any CPU
		{26BCF003-29E4-4C2C-AE29-69C7FCF8D4A4}.Release|Any CPU.ActiveCfg = Release|Any CPU
		{26BCF003-29E4-4C2C-AE29-69C7FCF8D4A4}.Release|Any CPU.Build.0 = Release|Any CPU
		{78640F61-82C3-4181-AFF6-F3585CCB2296}.Debug|Any CPU.ActiveCfg = Debug|Any CPU
		{78640F61-82C3-4181-AFF6-F3585CCB2296}.Debug|Any CPU.Build.0 = Debug|Any CPU
		{78640F61-82C3-4181-AFF6-F3585CCB2296}.Release|Any CPU.ActiveCfg = Release|Any CPU
		{78640F61-82C3-4181-AFF6-F3585CCB2296}.Release|Any CPU.Build.0 = Release|Any CPU
		{5EE5A0FB-6E9E-4B05-95E0-DAE3324A9164}.Debug|Any CPU.ActiveCfg = Debug|Any CPU
		{5EE5A0FB-6E9E-4B05-95E0-DAE3324A9164}.Debug|Any CPU.Build.0 = Debug|Any CPU
		{5EE5A0FB-6E9E-4B05-95E0-DAE3324A9164}.Release|Any CPU.ActiveCfg = Release|Any CPU
		{5EE5A0FB-6E9E-4B05-95E0-DAE3324A9164}.Release|Any CPU.Build.0 = Release|Any CPU
		{A36BDAA9-C810-47F6-BE22-70F0E5E800DA}.Debug|Any CPU.ActiveCfg = Debug|Any CPU
		{A36BDAA9-C810-47F6-BE22-70F0E5E800DA}.Debug|Any CPU.Build.0 = Debug|Any CPU
		{A36BDAA9-C810-47F6-BE22-70F0E5E800DA}.Release|Any CPU.ActiveCfg = Release|Any CPU
		{A36BDAA9-C810-47F6-BE22-70F0E5E800DA}.Release|Any CPU.Build.0 = Release|Any CPU
		{5F9E37B7-9128-4266-B136-8B2940F3289A}.Debug|Any CPU.ActiveCfg = Debug|Any CPU
		{5F9E37B7-9128-4266-B136-8B2940F3289A}.Debug|Any CPU.Build.0 = Debug|Any CPU
		{5F9E37B7-9128-4266-B136-8B2940F3289A}.Release|Any CPU.ActiveCfg = Release|Any CPU
		{5F9E37B7-9128-4266-B136-8B2940F3289A}.Release|Any CPU.Build.0 = Release|Any CPU
		{B62BDAD6-A7C9-48B5-B31A-08B5F898E8D3}.Debug|Any CPU.ActiveCfg = Debug|Any CPU
		{B62BDAD6-A7C9-48B5-B31A-08B5F898E8D3}.Debug|Any CPU.Build.0 = Debug|Any CPU
		{B62BDAD6-A7C9-48B5-B31A-08B5F898E8D3}.Release|Any CPU.ActiveCfg = Release|Any CPU
		{B62BDAD6-A7C9-48B5-B31A-08B5F898E8D3}.Release|Any CPU.Build.0 = Release|Any CPU
		{E792FF0C-D02D-4BC3-84EB-D56EFAD4893A}.Debug|Any CPU.ActiveCfg = Debug|Any CPU
		{E792FF0C-D02D-4BC3-84EB-D56EFAD4893A}.Debug|Any CPU.Build.0 = Debug|Any CPU
		{E792FF0C-D02D-4BC3-84EB-D56EFAD4893A}.Release|Any CPU.ActiveCfg = Release|Any CPU
		{E792FF0C-D02D-4BC3-84EB-D56EFAD4893A}.Release|Any CPU.Build.0 = Release|Any CPU
		{443C5F70-08A7-4733-8098-B9BC0CB9F514}.Debug|Any CPU.ActiveCfg = Debug|Any CPU
		{443C5F70-08A7-4733-8098-B9BC0CB9F514}.Debug|Any CPU.Build.0 = Debug|Any CPU
		{443C5F70-08A7-4733-8098-B9BC0CB9F514}.Release|Any CPU.ActiveCfg = Release|Any CPU
		{443C5F70-08A7-4733-8098-B9BC0CB9F514}.Release|Any CPU.Build.0 = Release|Any CPU
		{AAC5BE5F-F8EC-4F71-A99D-5DE0F9005D22}.Debug|Any CPU.ActiveCfg = Debug|Any CPU
		{AAC5BE5F-F8EC-4F71-A99D-5DE0F9005D22}.Debug|Any CPU.Build.0 = Debug|Any CPU
		{AAC5BE5F-F8EC-4F71-A99D-5DE0F9005D22}.Release|Any CPU.ActiveCfg = Release|Any CPU
		{AAC5BE5F-F8EC-4F71-A99D-5DE0F9005D22}.Release|Any CPU.Build.0 = Release|Any CPU
		{0917B981-071C-4294-82D5-988A85CBEF82}.Debug|Any CPU.ActiveCfg = Debug|Any CPU
		{0917B981-071C-4294-82D5-988A85CBEF82}.Debug|Any CPU.Build.0 = Debug|Any CPU
		{0917B981-071C-4294-82D5-988A85CBEF82}.Release|Any CPU.ActiveCfg = Release|Any CPU
		{0917B981-071C-4294-82D5-988A85CBEF82}.Release|Any CPU.Build.0 = Release|Any CPU
		{699C14AC-066F-4035-B164-1F4227B90509}.Debug|Any CPU.ActiveCfg = Debug|Any CPU
		{699C14AC-066F-4035-B164-1F4227B90509}.Debug|Any CPU.Build.0 = Debug|Any CPU
		{699C14AC-066F-4035-B164-1F4227B90509}.Release|Any CPU.ActiveCfg = Release|Any CPU
		{699C14AC-066F-4035-B164-1F4227B90509}.Release|Any CPU.Build.0 = Release|Any CPU
		{D6F91643-1545-4312-83CA-E99CF9D49610}.Debug|Any CPU.ActiveCfg = Debug|Any CPU
		{D6F91643-1545-4312-83CA-E99CF9D49610}.Debug|Any CPU.Build.0 = Debug|Any CPU
		{D6F91643-1545-4312-83CA-E99CF9D49610}.Release|Any CPU.ActiveCfg = Release|Any CPU
		{D6F91643-1545-4312-83CA-E99CF9D49610}.Release|Any CPU.Build.0 = Release|Any CPU
		{C8A2E8CF-8D87-4E3A-9E95-CDDF46921884}.Debug|Any CPU.ActiveCfg = Debug|Any CPU
		{C8A2E8CF-8D87-4E3A-9E95-CDDF46921884}.Debug|Any CPU.Build.0 = Debug|Any CPU
		{C8A2E8CF-8D87-4E3A-9E95-CDDF46921884}.Release|Any CPU.ActiveCfg = Release|Any CPU
		{C8A2E8CF-8D87-4E3A-9E95-CDDF46921884}.Release|Any CPU.Build.0 = Release|Any CPU
		{2EA3731B-0EEF-446A-A5CF-B652ADADAF2B}.Debug|Any CPU.ActiveCfg = Debug|Any CPU
		{2EA3731B-0EEF-446A-A5CF-B652ADADAF2B}.Debug|Any CPU.Build.0 = Debug|Any CPU
		{2EA3731B-0EEF-446A-A5CF-B652ADADAF2B}.Release|Any CPU.ActiveCfg = Release|Any CPU
		{2EA3731B-0EEF-446A-A5CF-B652ADADAF2B}.Release|Any CPU.Build.0 = Release|Any CPU
		{232FF67D-77E2-47DD-88D0-44824AE34FDE}.Debug|Any CPU.ActiveCfg = Debug|Any CPU
		{232FF67D-77E2-47DD-88D0-44824AE34FDE}.Debug|Any CPU.Build.0 = Debug|Any CPU
		{232FF67D-77E2-47DD-88D0-44824AE34FDE}.Release|Any CPU.ActiveCfg = Release|Any CPU
		{232FF67D-77E2-47DD-88D0-44824AE34FDE}.Release|Any CPU.Build.0 = Release|Any CPU
		{08E3533A-179D-4BB7-AFDC-5744429140DA}.Debug|Any CPU.ActiveCfg = Debug|Any CPU
		{08E3533A-179D-4BB7-AFDC-5744429140DA}.Debug|Any CPU.Build.0 = Debug|Any CPU
		{08E3533A-179D-4BB7-AFDC-5744429140DA}.Release|Any CPU.ActiveCfg = Release|Any CPU
		{08E3533A-179D-4BB7-AFDC-5744429140DA}.Release|Any CPU.Build.0 = Release|Any CPU
		{EEBADAFD-3EA0-4C35-8A97-7D161DD88614}.Debug|Any CPU.ActiveCfg = Debug|Any CPU
		{EEBADAFD-3EA0-4C35-8A97-7D161DD88614}.Debug|Any CPU.Build.0 = Debug|Any CPU
		{EEBADAFD-3EA0-4C35-8A97-7D161DD88614}.Release|Any CPU.ActiveCfg = Release|Any CPU
		{EEBADAFD-3EA0-4C35-8A97-7D161DD88614}.Release|Any CPU.Build.0 = Release|Any CPU
		{3CB3161E-4738-4945-AAFE-9E2822A50E98}.Debug|Any CPU.ActiveCfg = Debug|Any CPU
		{3CB3161E-4738-4945-AAFE-9E2822A50E98}.Debug|Any CPU.Build.0 = Debug|Any CPU
		{3CB3161E-4738-4945-AAFE-9E2822A50E98}.Release|Any CPU.ActiveCfg = Release|Any CPU
		{3CB3161E-4738-4945-AAFE-9E2822A50E98}.Release|Any CPU.Build.0 = Release|Any CPU
		{3E7FF6FA-2C07-4519-9292-E1DA6F113924}.Debug|Any CPU.ActiveCfg = Debug|Any CPU
		{3E7FF6FA-2C07-4519-9292-E1DA6F113924}.Debug|Any CPU.Build.0 = Debug|Any CPU
		{3E7FF6FA-2C07-4519-9292-E1DA6F113924}.Release|Any CPU.ActiveCfg = Release|Any CPU
		{3E7FF6FA-2C07-4519-9292-E1DA6F113924}.Release|Any CPU.Build.0 = Release|Any CPU
	EndGlobalSection
	GlobalSection(SolutionProperties) = preSolution
		HideSolutionNode = FALSE
	EndGlobalSection
	GlobalSection(ExtensibilityGlobals) = postSolution
		SolutionGuid = {85C3C560-C93B-425D-BE4A-3ADA9E38611C}
	EndGlobalSection
EndGlobal
